# THIS IS AN AUTOGENERATED FILE. DO NOT EDIT THIS FILE DIRECTLY.
# yarn lockfile v1


"@babel/runtime@^7.5.5":
  version "7.14.0"
  resolved "https://registry.yarnpkg.com/@babel/runtime/-/runtime-7.14.0.tgz#46794bc20b612c5f75e62dd071e24dfd95f1cbe6"
  integrity sha512-JELkvo/DlpNdJ7dlyw/eY7E0suy5i5GQH+Vlxaq1nsNJ+H7f4Vtv3jMeCEgRhZZQFXTjldYfQgv2qmM6M1v5wA==
  dependencies:
    regenerator-runtime "^0.13.4"

neo4j-driver-bolt-connection@^4.4.0:
  version "4.4.0"
  resolved "https://registry.yarnpkg.com/neo4j-driver-bolt-connection/-/neo4j-driver-bolt-connection-4.4.0.tgz#19bc93977f31b43ad6710750b674365d35b63003"
  integrity sha512-hhoilDz4uoEYumoSapIL1PCC7KeMRJOdOBR75R1Mu1srC6LZGH37d4OAFG1OD7KzbJCti4NuRzNWsHnwwSzxHg==
  dependencies:
    neo4j-driver-core "^4.4.0"
    text-encoding-utf-8 "^1.0.2"

neo4j-driver-core@4.4.0, neo4j-driver-core@^4.4.0:
  version "4.4.0"
  resolved "https://registry.yarnpkg.com/neo4j-driver-core/-/neo4j-driver-core-4.4.0.tgz#b9d3a6ca53f2aa8705b387e3e0660742e7c57efa"
  integrity sha512-Ft4g1jJXXnnXemdCMETUG/e6iY7yfGwH0n0aaUVkgr8yovEXTBEz98rFct4nso3zyqPVKVN8FeCYDA37vmT8Jw==

neo4j-driver@4.4.0:
  version "4.4.0"
  resolved "https://registry.yarnpkg.com/neo4j-driver/-/neo4j-driver-4.4.0.tgz#f3b39818d14140aedf39abfdb44961abea39bc73"
  integrity sha512-6im3OYhwyG87O0nV/7HATo/vlOQaqGqnAsrYJ4Sw0czHgv/qJJ7qMheFGTXHqNoQsn376DBKda+ikFKTfnadDA==
  dependencies:
    "@babel/runtime" "^7.5.5"
    neo4j-driver-bolt-connection "^4.4.0"
    neo4j-driver-core "^4.4.0"
    rxjs "^6.6.3"

regenerator-runtime@^0.13.4:
  version "0.13.7"
  resolved "https://registry.yarnpkg.com/regenerator-runtime/-/regenerator-runtime-0.13.7.tgz#cac2dacc8a1ea675feaabaeb8ae833898ae46f55"
  integrity sha512-a54FxoJDIr27pgf7IgeQGxmqUNYrcV338lf/6gH456HZ/PhX+5BcwHXG9ajESmwe6WRO0tAzRUrRmNONWgkrew==

rxjs@^6.6.3:
  version "6.6.7"
  resolved "https://registry.yarnpkg.com/rxjs/-/rxjs-6.6.7.tgz#90ac018acabf491bf65044235d5863c4dab804c9"
  integrity sha512-hTdwr+7yYNIT5n4AMYp85KA6yw2Va0FLa3Rguvbpa4W3I5xynaBZo41cM3XM+4Q6fRMj3sBYIR1VAmZMXYJvRQ==
  dependencies:
    tslib "^1.9.0"

text-encoding-utf-8@^1.0.2:
  version "1.0.2"
  resolved "https://registry.yarnpkg.com/text-encoding-utf-8/-/text-encoding-utf-8-1.0.2.tgz#585b62197b0ae437e3c7b5d0af27ac1021e10d13"
  integrity sha512-8bw4MY9WjdsD2aMtO0OzOCY3pXGYNx2d2FfHRVUKkiCPDWjKuOlhLVASS+pD7VkLTVjW268LYJHwsnPFlBpbAg==

tslib@^1.9.0:
  version "1.14.1"
  resolved "https://registry.yarnpkg.com/tslib/-/tslib-1.14.1.tgz#cf2d38bdc34a134bcaf1091c41f6619e2f672d00"
  integrity sha512-Xni35NKzjgMrwevysHTCArtLDpPvye8zV/0E4EyYn43P7/7qvQwPh9BGkHewbMulVntbigmcT7rdX3BNo9wRJg==
